{
  "originHash" : "ba50b879bafa49187d1d39c1fbb2ce42307e740846cdf90e592dee8c5727f481",
  "pins" : [
    {
      "identity" : "aexml",
      "kind" : "remoteSourceControl",
      "location" : "https://github.com/tadija/AEXML",
      "state" : {
        "revision" : "db806756c989760b35108146381535aec231092b",
        "version" : "4.7.0"
      }
    },
    {
      "identity" : "epubkit",
      "kind" : "remoteSourceControl",
      "location" : "https://github.com/witekbobrowski/EPUBKit",
      "state" : {
        "revision" : "0dec82ec767c7b4bfee3fe36677b67013ba19ab5",
        "version" : "0.5.0"
      }
    },
    {
      "identity" : "swiftedgetts",
      "kind" : "remoteSourceControl",
      "location" : "https://github.com/herrkaefer/SwiftEdgeTTS",
      "state" : {
        "revision" : "6fafd2dd66e45358812c98e3bb2fa28b2757e614",
        "version" : "1.3.0"
      }
    },
    {
      "identity" : "zip",
      "kind" : "remoteSourceControl",
      "location" : "https://github.com/marmelroy/Zip",
      "state" : {
        "revision" : "67fa55813b9e7b3b9acee9c0ae501def28746d76",
        "version" : "2.1.2"
      }
    }
  ],
  "version" : 3
}
